{
  "name": "checkalan",
  "lockfileVersion": 2,
  "requires": true,
  "packages": {
    "": {
      "dependencies": {
        "@alan-ai/alan-sdk-web": "^1.8.43"
      }
    },
    "node_modules/@alan-ai/alan-sdk-web": {
      "version": "1.8.43",
      "resolved": "https://registry.npmjs.org/@alan-ai/alan-sdk-web/-/alan-sdk-web-1.8.43.tgz",
      "integrity": "sha512-aFYVmg/Lb7RTwt8jWEwYYfOUO+CZAnEPeiVkyFlUG/m9LlHlQhPR59PX5JLjxzcBdwYFlb5/KYInaTiT2S7a7Q=="
    }
  },
  "dependencies": {
    "@alan-ai/alan-sdk-web": {
      "version": "1.8.43",
      "resolved": "https://registry.npmjs.org/@alan-ai/alan-sdk-web/-/alan-sdk-web-1.8.43.tgz",
      "integrity": "sha512-aFYVmg/Lb7RTwt8jWEwYYfOUO+CZAnEPeiVkyFlUG/m9LlHlQhPR59PX5JLjxzcBdwYFlb5/KYInaTiT2S7a7Q=="
    }
  }
}
